dependencies:
- name: kube-prometheus-stack
  repository: https://prometheus-community.github.io/helm-charts
  version: 88.3.0
- name: grafana
  repository: https://grafana-community.github.io/helm-charts
  version: 12.10.4
- name: loki
  repository: https://grafana-community.github.io/helm-charts
  version: 18.9.0
- name: tempo
  repository: https://grafana-community.github.io/helm-charts
  version: 2.2.4
- name: pyroscope
  repository: https://grafana.github.io/helm-charts
  version: 2.2.1
- name: opentelemetry-operator
  repository: https://open-telemetry.github.io/opentelemetry-helm-charts
  version: 0.121.0
digest: sha256:7021627c0dd6f45470bc09caa07a7ec8be857d2b2b2d8e7e2eedcfc26dbdbd4a
generated: "2026-08-24T00:59:51.459568144Z"
